
Microsoft Visual Studio Solution File, Format Version 12.00
# Visual Studio 14
VisualStudioVersion = 14.0.25420.1
MinimumVisualStudioVersion = 10.0.40219.1
Project("{FAE04EC0-301F-11D3-BF4B-00C04F79EFBC}") = "RFIDLabelMaker", "RFIDLabelMaker\RFIDLabelMaker.csproj", "{9F191E9B-C559-49D4-939E-E0146A81AA54}"
EndProject
Project("{54435603-DBB4-11D2-8724-00A0C9A8B90C}") = "RFIDSetup", "RFIDSetup\RFIDSetup.vdproj", "{5FA88E5F-D7DB-43EE-85CE-C88ECF9DA33A}"
EndProject
Global
	GlobalSection(SolutionConfigurationPlatforms) = preSolution
		CD_ROM|Any CPU = CD_ROM|Any CPU
		Debug|Any CPU = Debug|Any CPU
		DVD-5|Any CPU = DVD-5|Any CPU
		Release|Any CPU = Release|Any CPU
		SingleImage|Any CPU = SingleImage|Any CPU
	EndGlobalSection
	GlobalSection(ProjectConfigurationPlatforms) = postSolution
		{9F191E9B-C559-49D4-939E-E0146A81AA54}.CD_ROM|Any CPU.ActiveCfg = Release|Any CPU
		{9F191E9B-C559-49D4-939E-E0146A81AA54}.CD_ROM|Any CPU.Build.0 = Release|Any CPU
		{9F191E9B-C559-49D4-939E-E0146A81AA54}.Debug|Any CPU.ActiveCfg = Debug|Any CPU
		{9F191E9B-C559-49D4-939E-E0146A81AA54}.Debug|Any CPU.Build.0 = Debug|Any CPU
		{9F191E9B-C559-49D4-939E-E0146A81AA54}.DVD-5|Any CPU.ActiveCfg = Debug|Any CPU
		{9F191E9B-C559-49D4-939E-E0146A81AA54}.DVD-5|Any CPU.Build.0 = Debug|Any CPU
		{9F191E9B-C559-49D4-939E-E0146A81AA54}.Release|Any CPU.ActiveCfg = Release|Any CPU
		{9F191E9B-C559-49D4-939E-E0146A81AA54}.Release|Any CPU.Build.0 = Release|Any CPU
		{9F191E9B-C559-49D4-939E-E0146A81AA54}.SingleImage|Any CPU.ActiveCfg = Release|Any CPU
		{9F191E9B-C559-49D4-939E-E0146A81AA54}.SingleImage|Any CPU.Build.0 = Release|Any CPU
		{5FA88E5F-D7DB-43EE-85CE-C88ECF9DA33A}.CD_ROM|Any CPU.ActiveCfg = Release
		{5FA88E5F-D7DB-43EE-85CE-C88ECF9DA33A}.Debug|Any CPU.ActiveCfg = Debug
		{5FA88E5F-D7DB-43EE-85CE-C88ECF9DA33A}.DVD-5|Any CPU.ActiveCfg = Debug
		{5FA88E5F-D7DB-43EE-85CE-C88ECF9DA33A}.Release|Any CPU.ActiveCfg = Release
		{5FA88E5F-D7DB-43EE-85CE-C88ECF9DA33A}.SingleImage|Any CPU.ActiveCfg = Release
	EndGlobalSection
	GlobalSection(SolutionProperties) = preSolution
		HideSolutionNode = FALSE
	EndGlobalSection
EndGlobal
